
Microsoft Visual Studio Solution File, Format Version 12.00
# Visual Studio 14
VisualStudioVersion = 14.0.23107.0
MinimumVisualStudioVersion = 10.0.40219.1
Project("{2150E333-8FDC-42A3-9474-1A3956D46DE8}") = ".paket", ".paket", "{B99638DB-81E0-4F2E-B53E-350A8F666A91}"
	ProjectSection(SolutionItems) = preProject
		paket.dependencies = paket.dependencies
	EndProjectSection
EndProject
Project("{F2A71F9B-5D33-465A-A702-920D77279786}") = "FunToolbox", "FunToolbox\FunToolbox.fsproj", "{060C0C2C-97C5-46BB-A139-464225480840}"
EndProject
Project("{F2A71F9B-5D33-465A-A702-920D77279786}") = "FunToolbox.Tests", "FunToolbox.Tests\FunToolbox.Tests.fsproj", "{8F2725D4-78D5-4285-8930-219111CBB428}"
EndProject
Global
	GlobalSection(SolutionConfigurationPlatforms) = preSolution
		Debug|Any CPU = Debug|Any CPU
		Release|Any CPU = Release|Any CPU
	EndGlobalSection
	GlobalSection(ProjectConfigurationPlatforms) = postSolution
		{060C0C2C-97C5-46BB-A139-464225480840}.Debug|Any CPU.ActiveCfg = Debug|Any CPU
		{060C0C2C-97C5-46BB-A139-464225480840}.Debug|Any CPU.Build.0 = Debug|Any CPU
		{060C0C2C-97C5-46BB-A139-464225480840}.Release|Any CPU.ActiveCfg = Release|Any CPU
		{060C0C2C-97C5-46BB-A139-464225480840}.Release|Any CPU.Build.0 = Release|Any CPU
		{8F2725D4-78D5-4285-8930-219111CBB428}.Debug|Any CPU.ActiveCfg = Debug|Any CPU
		{8F2725D4-78D5-4285-8930-219111CBB428}.Debug|Any CPU.Build.0 = Debug|Any CPU
		{8F2725D4-78D5-4285-8930-219111CBB428}.Release|Any CPU.ActiveCfg = Release|Any CPU
		{8F2725D4-78D5-4285-8930-219111CBB428}.Release|Any CPU.Build.0 = Release|Any CPU
	EndGlobalSection
	GlobalSection(SolutionProperties) = preSolution
		HideSolutionNode = FALSE
	EndGlobalSection
EndGlobal
